
Microsoft Visual Studio Solution File, Format Version 12.00
# Visual Studio 14
VisualStudioVersion = 14.0.25420.1
MinimumVisualStudioVersion = 10.0.40219.1
Project("{FAE04EC0-301F-11D3-BF4B-00C04F79EFBC}") = "GPS_Plugin", "GPS_Plugin\GPS_Plugin\GPS_Plugin.csproj", "{856C8AF3-E21A-4290-9990-D7D95485B08D}"
EndProject
Project("{FAE04EC0-301F-11D3-BF4B-00C04F79EFBC}") = "GPS_Plugin.Droid", "GPS_Plugin\GPS_Plugin.Droid\GPS_Plugin.Droid.csproj", "{DC5E8948-77A2-47C5-90E4-110BC727B4CA}"
EndProject
Project("{FAE04EC0-301F-11D3-BF4B-00C04F79EFBC}") = "GPS_Plugin.iOS", "GPS_Plugin\GPS_Plugin.iOS\GPS_Plugin.iOS.csproj", "{D31A206F-C28D-4595-80D6-EDBC794B3E92}"
EndProject
Project("{FAE04EC0-301F-11D3-BF4B-00C04F79EFBC}") = "GPS_Plugin.WinPhone", "GPS_Plugin\GPS_Plugin.WinPhone\GPS_Plugin.WinPhone.csproj", "{64FB216E-8104-4AD4-A0D4-A628BFC96138}"
EndProject
Global
	GlobalSection(SolutionConfigurationPlatforms) = preSolution
		Ad-Hoc|Any CPU = Ad-Hoc|Any CPU
		Ad-Hoc|ARM = Ad-Hoc|ARM
		Ad-Hoc|iPhone = Ad-Hoc|iPhone
		Ad-Hoc|iPhoneSimulator = Ad-Hoc|iPhoneSimulator
		Ad-Hoc|x64 = Ad-Hoc|x64
		Ad-Hoc|x86 = Ad-Hoc|x86
		AppStore|Any CPU = AppStore|Any CPU
		AppStore|ARM = AppStore|ARM
		AppStore|iPhone = AppStore|iPhone
		AppStore|iPhoneSimulator = AppStore|iPhoneSimulator
		AppStore|x64 = AppStore|x64
		AppStore|x86 = AppStore|x86
		Debug|Any CPU = Debug|Any CPU
		Debug|ARM = Debug|ARM
		Debug|iPhone = Debug|iPhone
		Debug|iPhoneSimulator = Debug|iPhoneSimulator
		Debug|x64 = Debug|x64
		Debug|x86 = Debug|x86
		Release|Any CPU = Release|Any CPU
		Release|ARM = Release|ARM
		Release|iPhone = Release|iPhone
		Release|iPhoneSimulator = Release|iPhoneSimulator
		Release|x64 = Release|x64
		Release|x86 = Release|x86
	EndGlobalSection
	GlobalSection(ProjectConfigurationPlatforms) = postSolution
		{856C8AF3-E21A-4290-9990-D7D95485B08D}.Ad-Hoc|Any CPU.ActiveCfg = Release|Any CPU
		{856C8AF3-E21A-4290-9990-D7D95485B08D}.Ad-Hoc|Any CPU.Build.0 = Release|Any CPU
		{856C8AF3-E21A-4290-9990-D7D95485B08D}.Ad-Hoc|ARM.ActiveCfg = Release|Any CPU
		{856C8AF3-E21A-4290-9990-D7D95485B08D}.Ad-Hoc|ARM.Build.0 = Release|Any CPU
		{856C8AF3-E21A-4290-9990-D7D95485B08D}.Ad-Hoc|iPhone.ActiveCfg = Release|Any CPU
		{856C8AF3-E21A-4290-9990-D7D95485B08D}.Ad-Hoc|iPhone.Build.0 = Release|Any CPU
		{856C8AF3-E21A-4290-9990-D7D95485B08D}.Ad-Hoc|iPhoneSimulator.ActiveCfg = Release|Any CPU
		{856C8AF3-E21A-4290-9990-D7D95485B08D}.Ad-Hoc|iPhoneSimulator.Build.0 = Release|Any CPU
		{856C8AF3-E21A-4290-9990-D7D95485B08D}.Ad-Hoc|x64.ActiveCfg = Release|Any CPU
		{856C8AF3-E21A-4290-9990-D7D95485B08D}.Ad-Hoc|x64.Build.0 = Release|Any CPU
		{856C8AF3-E21A-4290-9990-D7D95485B08D}.Ad-Hoc|x86.ActiveCfg = Release|Any CPU
		{856C8AF3-E21A-4290-9990-D7D95485B08D}.Ad-Hoc|x86.Build.0 = Release|Any CPU
		{856C8AF3-E21A-4290-9990-D7D95485B08D}.AppStore|Any CPU.ActiveCfg = Release|Any CPU
		{856C8AF3-E21A-4290-9990-D7D95485B08D}.AppStore|Any CPU.Build.0 = Release|Any CPU
		{856C8AF3-E21A-4290-9990-D7D95485B08D}.AppStore|ARM.ActiveCfg = Release|Any CPU
		{856C8AF3-E21A-4290-9990-D7D95485B08D}.AppStore|ARM.Build.0 = Release|Any CPU
		{856C8AF3-E21A-4290-9990-D7D95485B08D}.AppStore|iPhone.ActiveCfg = Release|Any CPU
		{856C8AF3-E21A-4290-9990-D7D95485B08D}.AppStore|iPhone.Build.0 = Release|Any CPU
		{856C8AF3-E21A-4290-9990-D7D95485B08D}.AppStore|iPhoneSimulator.ActiveCfg = Release|Any CPU
		{856C8AF3-E21A-4290-9990-D7D95485B08D}.AppStore|iPhoneSimulator.Build.0 = Release|Any CPU
		{856C8AF3-E21A-4290-9990-D7D95485B08D}.AppStore|x64.ActiveCfg = Release|Any CPU
		{856C8AF3-E21A-4290-9990-D7D95485B08D}.AppStore|x64.Build.0 = Release|Any CPU
		{856C8AF3-E21A-4290-9990-D7D95485B08D}.AppStore|x86.ActiveCfg = Release|Any CPU
		{856C8AF3-E21A-4290-9990-D7D95485B08D}.AppStore|x86.Build.0 = Release|Any CPU
		{856C8AF3-E21A-4290-9990-D7D95485B08D}.Debug|Any CPU.ActiveCfg = Debug|Any CPU
		{856C8AF3-E21A-4290-9990-D7D95485B08D}.Debug|Any CPU.Build.0 = Debug|Any CPU
		{856C8AF3-E21A-4290-9990-D7D95485B08D}.Debug|ARM.ActiveCfg = Debug|Any CPU
		{856C8AF3-E21A-4290-9990-D7D95485B08D}.Debug|ARM.Build.0 = Debug|Any CPU
		{856C8AF3-E21A-4290-9990-D7D95485B08D}.Debug|iPhone.ActiveCfg = Debug|Any CPU
		{856C8AF3-E21A-4290-9990-D7D95485B08D}.Debug|iPhone.Build.0 = Debug|Any CPU
		{856C8AF3-E21A-4290-9990-D7D95485B08D}.Debug|iPhoneSimulator.ActiveCfg = Debug|Any CPU
		{856C8AF3-E21A-4290-9990-D7D95485B08D}.Debug|iPhoneSimulator.Build.0 = Debug|Any CPU
		{856C8AF3-E21A-4290-9990-D7D95485B08D}.Debug|x64.ActiveCfg = Debug|Any CPU
		{856C8AF3-E21A-4290-9990-D7D95485B08D}.Debug|x64.Build.0 = Debug|Any CPU
		{856C8AF3-E21A-4290-9990-D7D95485B08D}.Debug|x86.ActiveCfg = Debug|Any CPU
		{856C8AF3-E21A-4290-9990-D7D95485B08D}.Debug|x86.Build.0 = Debug|Any CPU
		{856C8AF3-E21A-4290-9990-D7D95485B08D}.Release|Any CPU.ActiveCfg = Release|Any CPU
		{856C8AF3-E21A-4290-9990-D7D95485B08D}.Release|Any CPU.Build.0 = Release|Any CPU
		{856C8AF3-E21A-4290-9990-D7D95485B08D}.Release|ARM.ActiveCfg = Release|Any CPU
		{856C8AF3-E21A-4290-9990-D7D95485B08D}.Release|ARM.Build.0 = Release|Any CPU
		{856C8AF3-E21A-4290-9990-D7D95485B08D}.Release|iPhone.ActiveCfg = Release|Any CPU
		{856C8AF3-E21A-4290-9990-D7D95485B08D}.Release|iPhone.Build.0 = Release|Any CPU
		{856C8AF3-E21A-4290-9990-D7D95485B08D}.Release|iPhoneSimulator.ActiveCfg = Release|Any CPU
		{856C8AF3-E21A-4290-9990-D7D95485B08D}.Release|iPhoneSimulator.Build.0 = Release|Any CPU
		{856C8AF3-E21A-4290-9990-D7D95485B08D}.Release|x64.ActiveCfg = Release|Any CPU
		{856C8AF3-E21A-4290-9990-D7D95485B08D}.Release|x64.Build.0 = Release|Any CPU
		{856C8AF3-E21A-4290-9990-D7D95485B08D}.Release|x86.ActiveCfg = Release|Any CPU
		{856C8AF3-E21A-4290-9990-D7D95485B08D}.Release|x86.Build.0 = Release|Any CPU
		{DC5E8948-77A2-47C5-90E4-110BC727B4CA}.Ad-Hoc|Any CPU.ActiveCfg = Release|Any CPU
		{DC5E8948-77A2-47C5-90E4-110BC727B4CA}.Ad-Hoc|Any CPU.Build.0 = Release|Any CPU
		{DC5E8948-77A2-47C5-90E4-110BC727B4CA}.Ad-Hoc|Any CPU.Deploy.0 = Release|Any CPU
		{DC5E8948-77A2-47C5-90E4-110BC727B4CA}.Ad-Hoc|ARM.ActiveCfg = Release|Any CPU
		{DC5E8948-77A2-47C5-90E4-110BC727B4CA}.Ad-Hoc|ARM.Build.0 = Release|Any CPU
		{DC5E8948-77A2-47C5-90E4-110BC727B4CA}.Ad-Hoc|ARM.Deploy.0 = Release|Any CPU
		{DC5E8948-77A2-47C5-90E4-110BC727B4CA}.Ad-Hoc|iPhone.ActiveCfg = Release|Any CPU
		{DC5E8948-77A2-47C5-90E4-110BC727B4CA}.Ad-Hoc|iPhone.Build.0 = Release|Any CPU
		{DC5E8948-77A2-47C5-90E4-110BC727B4CA}.Ad-Hoc|iPhone.Deploy.0 = Release|Any CPU
		{DC5E8948-77A2-47C5-90E4-110BC727B4CA}.Ad-Hoc|iPhoneSimulator.ActiveCfg = Release|Any CPU
		{DC5E8948-77A2-47C5-90E4-110BC727B4CA}.Ad-Hoc|iPhoneSimulator.Build.0 = Release|Any CPU
		{DC5E8948-77A2-47C5-90E4-110BC727B4CA}.Ad-Hoc|iPhoneSimulator.Deploy.0 = Release|Any CPU
		{DC5E8948-77A2-47C5-90E4-110BC727B4CA}.Ad-Hoc|x64.ActiveCfg = Release|Any CPU
		{DC5E8948-77A2-47C5-90E4-110BC727B4CA}.Ad-Hoc|x64.Build.0 = Release|Any CPU
		{DC5E8948-77A2-47C5-90E4-110BC727B4CA}.Ad-Hoc|x64.Deploy.0 = Release|Any CPU
		{DC5E8948-77A2-47C5-90E4-110BC727B4CA}.Ad-Hoc|x86.ActiveCfg = Release|Any CPU
		{DC5E8948-77A2-47C5-90E4-110BC727B4CA}.Ad-Hoc|x86.Build.0 = Release|Any CPU
		{DC5E8948-77A2-47C5-90E4-110BC727B4CA}.Ad-Hoc|x86.Deploy.0 = Release|Any CPU
		{DC5E8948-77A2-47C5-90E4-110BC727B4CA}.AppStore|Any CPU.ActiveCfg = Release|Any CPU
		{DC5E8948-77A2-47C5-90E4-110BC727B4CA}.AppStore|Any CPU.Build.0 = Release|Any CPU
		{DC5E8948-77A2-47C5-90E4-110BC727B4CA}.AppStore|Any CPU.Deploy.0 = Release|Any CPU
		{DC5E8948-77A2-47C5-90E4-110BC727B4CA}.AppStore|ARM.ActiveCfg = Release|Any CPU
		{DC5E8948-77A2-47C5-90E4-110BC727B4CA}.AppStore|ARM.Build.0 = Release|Any CPU
		{DC5E8948-77A2-47C5-90E4-110BC727B4CA}.AppStore|ARM.Deploy.0 = Release|Any CPU
		{DC5E8948-77A2-47C5-90E4-110BC727B4CA}.AppStore|iPhone.ActiveCfg = Release|Any CPU
		{DC5E8948-77A2-47C5-90E4-110BC727B4CA}.AppStore|iPhone.Build.0 = Release|Any CPU
		{DC5E8948-77A2-47C5-90E4-110BC727B4CA}.AppStore|iPhone.Deploy.0 = Release|Any CPU
		{DC5E8948-77A2-47C5-90E4-110BC727B4CA}.AppStore|iPhoneSimulator.ActiveCfg = Release|Any CPU
		{DC5E8948-77A2-47C5-90E4-110BC727B4CA}.AppStore|iPhoneSimulator.Build.0 = Release|Any CPU
		{DC5E8948-77A2-47C5-90E4-110BC727B4CA}.AppStore|iPhoneSimulator.Deploy.0 = Release|Any CPU
		{DC5E8948-77A2-47C5-90E4-110BC727B4CA}.AppStore|x64.ActiveCfg = Release|Any CPU
		{DC5E8948-77A2-47C5-90E4-110BC727B4CA}.AppStore|x64.Build.0 = Release|Any CPU
		{DC5E8948-77A2-47C5-90E4-110BC727B4CA}.AppStore|x64.Deploy.0 = Release|Any CPU
		{DC5E8948-77A2-47C5-90E4-110BC727B4CA}.AppStore|x86.ActiveCfg = Release|Any CPU
		{DC5E8948-77A2-47C5-90E4-110BC727B4CA}.AppStore|x86.Build.0 = Release|Any CPU
		{DC5E8948-77A2-47C5-90E4-110BC727B4CA}.AppStore|x86.Deploy.0 = Release|Any CPU
		{DC5E8948-77A2-47C5-90E4-110BC727B4CA}.Debug|Any CPU.ActiveCfg = Debug|Any CPU
		{DC5E8948-77A2-47C5-90E4-110BC727B4CA}.Debug|Any CPU.Build.0 = Debug|Any CPU
		{DC5E8948-77A2-47C5-90E4-110BC727B4CA}.Debug|Any CPU.Deploy.0 = Debug|Any CPU
		{DC5E8948-77A2-47C5-90E4-110BC727B4CA}.Debug|ARM.ActiveCfg = Debug|Any CPU
		{DC5E8948-77A2-47C5-90E4-110BC727B4CA}.Debug|ARM.Build.0 = Debug|Any CPU
		{DC5E8948-77A2-47C5-90E4-110BC727B4CA}.Debug|ARM.Deploy.0 = Debug|Any CPU
		{DC5E8948-77A2-47C5-90E4-110BC727B4CA}.Debug|iPhone.ActiveCfg = Debug|Any CPU
		{DC5E8948-77A2-47C5-90E4-110BC727B4CA}.Debug|iPhone.Build.0 = Debug|Any CPU
		{DC5E8948-77A2-47C5-90E4-110BC727B4CA}.Debug|iPhone.Deploy.0 = Debug|Any CPU
		{DC5E8948-77A2-47C5-90E4-110BC727B4CA}.Debug|iPhoneSimulator.ActiveCfg = Debug|Any CPU
		{DC5E8948-77A2-47C5-90E4-110BC727B4CA}.Debug|iPhoneSimulator.Build.0 = Debug|Any CPU
		{DC5E8948-77A2-47C5-90E4-110BC727B4CA}.Debug|iPhoneSimulator.Deploy.0 = Debug|Any CPU
		{DC5E8948-77A2-47C5-90E4-110BC727B4CA}.Debug|x64.ActiveCfg = Debug|Any CPU
		{DC5E8948-77A2-47C5-90E4-110BC727B4CA}.Debug|x64.Build.0 = Debug|Any CPU
		{DC5E8948-77A2-47C5-90E4-110BC727B4CA}.Debug|x64.Deploy.0 = Debug|Any CPU
		{DC5E8948-77A2-47C5-90E4-110BC727B4CA}.Debug|x86.ActiveCfg = Debug|Any CPU
		{DC5E8948-77A2-47C5-90E4-110BC727B4CA}.Debug|x86.Build.0 = Debug|Any CPU
		{DC5E8948-77A2-47C5-90E4-110BC727B4CA}.Debug|x86.Deploy.0 = Debug|Any CPU
		{DC5E8948-77A2-47C5-90E4-110BC727B4CA}.Release|Any CPU.ActiveCfg = Release|Any CPU
		{DC5E8948-77A2-47C5-90E4-110BC727B4CA}.Release|Any CPU.Build.0 = Release|Any CPU
		{DC5E8948-77A2-47C5-90E4-110BC727B4CA}.Release|Any CPU.Deploy.0 = Release|Any CPU
		{DC5E8948-77A2-47C5-90E4-110BC727B4CA}.Release|ARM.ActiveCfg = Release|Any CPU
		{DC5E8948-77A2-47C5-90E4-110BC727B4CA}.Release|ARM.Build.0 = Release|Any CPU
		{DC5E8948-77A2-47C5-90E4-110BC727B4CA}.Release|ARM.Deploy.0 = Release|Any CPU
		{DC5E8948-77A2-47C5-90E4-110BC727B4CA}.Release|iPhone.ActiveCfg = Release|Any CPU
		{DC5E8948-77A2-47C5-90E4-110BC727B4CA}.Release|iPhone.Build.0 = Release|Any CPU
		{DC5E8948-77A2-47C5-90E4-110BC727B4CA}.Release|iPhone.Deploy.0 = Release|Any CPU
		{DC5E8948-77A2-47C5-90E4-110BC727B4CA}.Release|iPhoneSimulator.ActiveCfg = Release|Any CPU
		{DC5E8948-77A2-47C5-90E4-110BC727B4CA}.Release|iPhoneSimulator.Build.0 = Release|Any CPU
		{DC5E8948-77A2-47C5-90E4-110BC727B4CA}.Release|iPhoneSimulator.Deploy.0 = Release|Any CPU
		{DC5E8948-77A2-47C5-90E4-110BC727B4CA}.Release|x64.ActiveCfg = Release|Any CPU
		{DC5E8948-77A2-47C5-90E4-110BC727B4CA}.Release|x64.Build.0 = Release|Any CPU
		{DC5E8948-77A2-47C5-90E4-110BC727B4CA}.Release|x64.Deploy.0 = Release|Any CPU
		{DC5E8948-77A2-47C5-90E4-110BC727B4CA}.Release|x86.ActiveCfg = Release|Any CPU
		{DC5E8948-77A2-47C5-90E4-110BC727B4CA}.Release|x86.Build.0 = Release|Any CPU
		{DC5E8948-77A2-47C5-90E4-110BC727B4CA}.Release|x86.Deploy.0 = Release|Any CPU
		{D31A206F-C28D-4595-80D6-EDBC794B3E92}.Ad-Hoc|Any CPU.ActiveCfg = Ad-Hoc|iPhone
		{D31A206F-C28D-4595-80D6-EDBC794B3E92}.Ad-Hoc|ARM.ActiveCfg = Ad-Hoc|iPhone
		{D31A206F-C28D-4595-80D6-EDBC794B3E92}.Ad-Hoc|iPhone.ActiveCfg = Ad-Hoc|iPhone
		{D31A206F-C28D-4595-80D6-EDBC794B3E92}.Ad-Hoc|iPhone.Build.0 = Ad-Hoc|iPhone
		{D31A206F-C28D-4595-80D6-EDBC794B3E92}.Ad-Hoc|iPhoneSimulator.ActiveCfg = Ad-Hoc|iPhoneSimulator
		{D31A206F-C28D-4595-80D6-EDBC794B3E92}.Ad-Hoc|iPhoneSimulator.Build.0 = Ad-Hoc|iPhoneSimulator
		{D31A206F-C28D-4595-80D6-EDBC794B3E92}.Ad-Hoc|x64.ActiveCfg = Ad-Hoc|iPhone
		{D31A206F-C28D-4595-80D6-EDBC794B3E92}.Ad-Hoc|x86.ActiveCfg = Ad-Hoc|iPhone
		{D31A206F-C28D-4595-80D6-EDBC794B3E92}.AppStore|Any CPU.ActiveCfg = AppStore|iPhone
		{D31A206F-C28D-4595-80D6-EDBC794B3E92}.AppStore|ARM.ActiveCfg = AppStore|iPhone
		{D31A206F-C28D-4595-80D6-EDBC794B3E92}.AppStore|iPhone.ActiveCfg = AppStore|iPhone
		{D31A206F-C28D-4595-80D6-EDBC794B3E92}.AppStore|iPhone.Build.0 = AppStore|iPhone
		{D31A206F-C28D-4595-80D6-EDBC794B3E92}.AppStore|iPhoneSimulator.ActiveCfg = AppStore|iPhoneSimulator
		{D31A206F-C28D-4595-80D6-EDBC794B3E92}.AppStore|iPhoneSimulator.Build.0 = AppStore|iPhoneSimulator
		{D31A206F-C28D-4595-80D6-EDBC794B3E92}.AppStore|x64.ActiveCfg = AppStore|iPhone
		{D31A206F-C28D-4595-80D6-EDBC794B3E92}.AppStore|x86.ActiveCfg = AppStore|iPhone
		{D31A206F-C28D-4595-80D6-EDBC794B3E92}.Debug|Any CPU.ActiveCfg = Debug|iPhoneSimulator
		{D31A206F-C28D-4595-80D6-EDBC794B3E92}.Debug|ARM.ActiveCfg = Debug|iPhoneSimulator
		{D31A206F-C28D-4595-80D6-EDBC794B3E92}.Debug|iPhone.ActiveCfg = Debug|iPhoneSimulator
		{D31A206F-C28D-4595-80D6-EDBC794B3E92}.Debug|iPhone.Build.0 = Debug|iPhone
		{D31A206F-C28D-4595-80D6-EDBC794B3E92}.Debug|iPhoneSimulator.ActiveCfg = Debug|iPhoneSimulator
		{D31A206F-C28D-4595-80D6-EDBC794B3E92}.Debug|iPhoneSimulator.Build.0 = Debug|iPhoneSimulator
		{D31A206F-C28D-4595-80D6-EDBC794B3E92}.Debug|x64.ActiveCfg = Debug|iPhoneSimulator
		{D31A206F-C28D-4595-80D6-EDBC794B3E92}.Debug|x86.ActiveCfg = Debug|iPhoneSimulator
		{D31A206F-C28D-4595-80D6-EDBC794B3E92}.Release|Any CPU.ActiveCfg = Release|iPhone
		{D31A206F-C28D-4595-80D6-EDBC794B3E92}.Release|ARM.ActiveCfg = Release|iPhone
		{D31A206F-C28D-4595-80D6-EDBC794B3E92}.Release|iPhone.ActiveCfg = Release|iPhone
		{D31A206F-C28D-4595-80D6-EDBC794B3E92}.Release|iPhone.Build.0 = Release|iPhone
		{D31A206F-C28D-4595-80D6-EDBC794B3E92}.Release|iPhoneSimulator.ActiveCfg = Release|iPhoneSimulator
		{D31A206F-C28D-4595-80D6-EDBC794B3E92}.Release|iPhoneSimulator.Build.0 = Release|iPhoneSimulator
		{D31A206F-C28D-4595-80D6-EDBC794B3E92}.Release|x64.ActiveCfg = Release|iPhone
		{D31A206F-C28D-4595-80D6-EDBC794B3E92}.Release|x86.ActiveCfg = Release|iPhone
		{64FB216E-8104-4AD4-A0D4-A628BFC96138}.Ad-Hoc|Any CPU.ActiveCfg = Release|Any CPU
		{64FB216E-8104-4AD4-A0D4-A628BFC96138}.Ad-Hoc|Any CPU.Build.0 = Release|Any CPU
		{64FB216E-8104-4AD4-A0D4-A628BFC96138}.Ad-Hoc|Any CPU.Deploy.0 = Release|Any CPU
		{64FB216E-8104-4AD4-A0D4-A628BFC96138}.Ad-Hoc|ARM.ActiveCfg = Release|ARM
		{64FB216E-8104-4AD4-A0D4-A628BFC96138}.Ad-Hoc|ARM.Build.0 = Release|ARM
		{64FB216E-8104-4AD4-A0D4-A628BFC96138}.Ad-Hoc|ARM.Deploy.0 = Release|ARM
		{64FB216E-8104-4AD4-A0D4-A628BFC96138}.Ad-Hoc|iPhone.ActiveCfg = Release|Any CPU
		{64FB216E-8104-4AD4-A0D4-A628BFC96138}.Ad-Hoc|iPhone.Build.0 = Release|Any CPU
		{64FB216E-8104-4AD4-A0D4-A628BFC96138}.Ad-Hoc|iPhone.Deploy.0 = Release|Any CPU
		{64FB216E-8104-4AD4-A0D4-A628BFC96138}.Ad-Hoc|iPhoneSimulator.ActiveCfg = Release|Any CPU
		{64FB216E-8104-4AD4-A0D4-A628BFC96138}.Ad-Hoc|iPhoneSimulator.Build.0 = Release|Any CPU
		{64FB216E-8104-4AD4-A0D4-A628BFC96138}.Ad-Hoc|iPhoneSimulator.Deploy.0 = Release|Any CPU
		{64FB216E-8104-4AD4-A0D4-A628BFC96138}.Ad-Hoc|x64.ActiveCfg = Release|Any CPU
		{64FB216E-8104-4AD4-A0D4-A628BFC96138}.Ad-Hoc|x64.Build.0 = Release|Any CPU
		{64FB216E-8104-4AD4-A0D4-A628BFC96138}.Ad-Hoc|x64.Deploy.0 = Release|Any CPU
		{64FB216E-8104-4AD4-A0D4-A628BFC96138}.Ad-Hoc|x86.ActiveCfg = Release|x86
		{64FB216E-8104-4AD4-A0D4-A628BFC96138}.Ad-Hoc|x86.Build.0 = Release|x86
		{64FB216E-8104-4AD4-A0D4-A628BFC96138}.Ad-Hoc|x86.Deploy.0 = Release|x86
		{64FB216E-8104-4AD4-A0D4-A628BFC96138}.AppStore|Any CPU.ActiveCfg = Release|Any CPU
		{64FB216E-8104-4AD4-A0D4-A628BFC96138}.AppStore|Any CPU.Build.0 = Release|Any CPU
		{64FB216E-8104-4AD4-A0D4-A628BFC96138}.AppStore|Any CPU.Deploy.0 = Release|Any CPU
		{64FB216E-8104-4AD4-A0D4-A628BFC96138}.AppStore|ARM.ActiveCfg = Release|ARM
		{64FB216E-8104-4AD4-A0D4-A628BFC96138}.AppStore|ARM.Build.0 = Release|ARM
		{64FB216E-8104-4AD4-A0D4-A628BFC96138}.AppStore|ARM.Deploy.0 = Release|ARM
		{64FB216E-8104-4AD4-A0D4-A628BFC96138}.AppStore|iPhone.ActiveCfg = Release|Any CPU
		{64FB216E-8104-4AD4-A0D4-A628BFC96138}.AppStore|iPhone.Build.0 = Release|Any CPU
		{64FB216E-8104-4AD4-A0D4-A628BFC96138}.AppStore|iPhone.Deploy.0 = Release|Any CPU
		{64FB216E-8104-4AD4-A0D4-A628BFC96138}.AppStore|iPhoneSimulator.ActiveCfg = Release|Any CPU
		{64FB216E-8104-4AD4-A0D4-A628BFC96138}.AppStore|iPhoneSimulator.Build.0 = Release|Any CPU
		{64FB216E-8104-4AD4-A0D4-A628BFC96138}.AppStore|iPhoneSimulator.Deploy.0 = Release|Any CPU
		{64FB216E-8104-4AD4-A0D4-A628BFC96138}.AppStore|x64.ActiveCfg = Release|Any CPU
		{64FB216E-8104-4AD4-A0D4-A628BFC96138}.AppStore|x64.Build.0 = Release|Any CPU
		{64FB216E-8104-4AD4-A0D4-A628BFC96138}.AppStore|x64.Deploy.0 = Release|Any CPU
		{64FB216E-8104-4AD4-A0D4-A628BFC96138}.AppStore|x86.ActiveCfg = Release|x86
		{64FB216E-8104-4AD4-A0D4-A628BFC96138}.AppStore|x86.Build.0 = Release|x86
		{64FB216E-8104-4AD4-A0D4-A628BFC96138}.AppStore|x86.Deploy.0 = Release|x86
		{64FB216E-8104-4AD4-A0D4-A628BFC96138}.Debug|Any CPU.ActiveCfg = Debug|Any CPU
		{64FB216E-8104-4AD4-A0D4-A628BFC96138}.Debug|Any CPU.Build.0 = Debug|Any CPU
		{64FB216E-8104-4AD4-A0D4-A628BFC96138}.Debug|Any CPU.Deploy.0 = Debug|Any CPU
		{64FB216E-8104-4AD4-A0D4-A628BFC96138}.Debug|ARM.ActiveCfg = Debug|Any CPU
		{64FB216E-8104-4AD4-A0D4-A628BFC96138}.Debug|ARM.Build.0 = Debug|Any CPU
		{64FB216E-8104-4AD4-A0D4-A628BFC96138}.Debug|ARM.Deploy.0 = Debug|Any CPU
		{64FB216E-8104-4AD4-A0D4-A628BFC96138}.Debug|iPhone.ActiveCfg = Debug|Any CPU
		{64FB216E-8104-4AD4-A0D4-A628BFC96138}.Debug|iPhone.Build.0 = Debug|Any CPU
		{64FB216E-8104-4AD4-A0D4-A628BFC96138}.Debug|iPhone.Deploy.0 = Debug|Any CPU
		{64FB216E-8104-4AD4-A0D4-A628BFC96138}.Debug|iPhoneSimulator.ActiveCfg = Debug|Any CPU
		{64FB216E-8104-4AD4-A0D4-A628BFC96138}.Debug|iPhoneSimulator.Build.0 = Debug|Any CPU
		{64FB216E-8104-4AD4-A0D4-A628BFC96138}.Debug|iPhoneSimulator.Deploy.0 = Debug|Any CPU
		{64FB216E-8104-4AD4-A0D4-A628BFC96138}.Debug|x64.ActiveCfg = Debug|Any CPU
		{64FB216E-8104-4AD4-A0D4-A628BFC96138}.Debug|x64.Build.0 = Debug|Any CPU
		{64FB216E-8104-4AD4-A0D4-A628BFC96138}.Debug|x64.Deploy.0 = Debug|Any CPU
		{64FB216E-8104-4AD4-A0D4-A628BFC96138}.Debug|x86.ActiveCfg = Debug|Any CPU
		{64FB216E-8104-4AD4-A0D4-A628BFC96138}.Debug|x86.Build.0 = Debug|Any CPU
		{64FB216E-8104-4AD4-A0D4-A628BFC96138}.Debug|x86.Deploy.0 = Debug|Any CPU
		{64FB216E-8104-4AD4-A0D4-A628BFC96138}.Release|Any CPU.ActiveCfg = Release|Any CPU
		{64FB216E-8104-4AD4-A0D4-A628BFC96138}.Release|Any CPU.Build.0 = Release|Any CPU
		{64FB216E-8104-4AD4-A0D4-A628BFC96138}.Release|Any CPU.Deploy.0 = Release|Any CPU
		{64FB216E-8104-4AD4-A0D4-A628BFC96138}.Release|ARM.ActiveCfg = Release|ARM
		{64FB216E-8104-4AD4-A0D4-A628BFC96138}.Release|ARM.Build.0 = Release|ARM
		{64FB216E-8104-4AD4-A0D4-A628BFC96138}.Release|ARM.Deploy.0 = Release|ARM
		{64FB216E-8104-4AD4-A0D4-A628BFC96138}.Release|iPhone.ActiveCfg = Release|Any CPU
		{64FB216E-8104-4AD4-A0D4-A628BFC96138}.Release|iPhone.Build.0 = Release|Any CPU
		{64FB216E-8104-4AD4-A0D4-A628BFC96138}.Release|iPhone.Deploy.0 = Release|Any CPU
		{64FB216E-8104-4AD4-A0D4-A628BFC96138}.Release|iPhoneSimulator.ActiveCfg = Release|Any CPU
		{64FB216E-8104-4AD4-A0D4-A628BFC96138}.Release|iPhoneSimulator.Build.0 = Release|Any CPU
		{64FB216E-8104-4AD4-A0D4-A628BFC96138}.Release|iPhoneSimulator.Deploy.0 = Release|Any CPU
		{64FB216E-8104-4AD4-A0D4-A628BFC96138}.Release|x64.ActiveCfg = Release|Any CPU
		{64FB216E-8104-4AD4-A0D4-A628BFC96138}.Release|x64.Build.0 = Release|Any CPU
		{64FB216E-8104-4AD4-A0D4-A628BFC96138}.Release|x64.Deploy.0 = Release|Any CPU
		{64FB216E-8104-4AD4-A0D4-A628BFC96138}.Release|x86.ActiveCfg = Release|x86
		{64FB216E-8104-4AD4-A0D4-A628BFC96138}.Release|x86.Build.0 = Release|x86
		{64FB216E-8104-4AD4-A0D4-A628BFC96138}.Release|x86.Deploy.0 = Release|x86
	EndGlobalSection
	GlobalSection(SolutionProperties) = preSolution
		HideSolutionNode = FALSE
	EndGlobalSection
EndGlobal
